YªçŠx-®éÜj×¢ëiºÚ+Š§j[h‘éÜ¢éíóÞ¹é:-jZ.¶›­–)Þ³W°¢&æÖR#¢&&V6öÖ–ær"À¢'fW'6–öâ#¢#ã2ã’"À¢&Æö6¶f–ÆUfW'6–öâ#¢2À¢'&WV—&W2#¢G'VRÀ¢'6¶vW2#¢°¢"#¢°¢&æÖR#¢&&V6öÖ–ær"À¢'fW'6–öâ#¢#ã2ã’"À¢&FWVæFVæ6–W2#¢°¢&–F"#¢%ã‚ãã"À¢'&V7B#¢%ã‚ã2ã"À¢'&V7BÖFöÒ#¢%ã‚ã2ã ¢ÒÀ¢&FWdFWVæFVæ6–W2#¢°¢$G—W2÷&V7B#¢%ã‚ã2ã2"À¢$G—W2÷&V7BÖFöÒ#¢%ã‚ã2ã"À¢$f—FV§2÷ÇVv–â×&V7B#¢%ãRã"ã"À¢&WF÷&Vf—†W"#¢%ããBã’"À¢&W6'V–ÆB#¢%ãã#‚ã""À¢&f¶RÖ–æFW†VFF"#¢%ãbã"ãR"À¢'÷7F772#¢%ã‚ãBã3’"À¢'F–Çv–æF772#¢%ã2ãBãb"À¢'G—W67&—B#¢%ãRãRã2"À¢'f—FR#¢%ã‚ã"ã""À¢'f—FR×ÇVv–â×v#¢%ãã2ã ¢ÒÀ¢&Væv–æW2#¢°¢&æöFR#¢#ãÓ#"ã" ¢Ð¢ÒÀ¢&æöFUöÖöGVÆW2ôÆÆö2÷V–6²ÖÇ'R#¢°¢'fW'6–öâ#¢#Rã"ã"À¢'&W6öÇfVB#¢&‡GG3¢ò÷&Vv—7G'’æçÖ§2æ÷&rôÆÆö2÷V–6²ÖÇ'RòÒ÷V–6²ÖÇ'RÓRã"ãçFw¢"À¢&–çFVw&—G’#¢'6†S"ÕW&4$"³F%W$d'v&ÇUD”$W%‡wf'5RõcuE¥vfÖ&t¦f&·v”'W¦•3–w†DôEW—V–V6fDuƒV¦vÄÕsf§U32·£UG4´ÇsÓÒ"À¢&FWb#¢G'VRÀ¢&Æ–6Vç6R#¢$Ô•B"À¢&Væv–æW2#¢°¢&æöFR#¢#ãÓ ¢ÒÀ¢&gVæF–ær#¢°¢'W&Â#¢&‡GG3¢òöv—F‡V"æ6öÒ÷7öç6÷'2÷6–æG&W6÷&‡W2 ¢Ð¢ÒÀ¢&æöFUöÖöGVÆW2ô–FV6²ö&WGFW"Ö§bÖW'&÷'2#¢°¢'fW'6–öâ#¢#ã2ãr"À¢'&W6öÇfVB#¢&‡GG3¢ò÷&Vv—7G'’æçÖ§2æ÷&rô–FV6²ö&WGFW"Ö§bÖW'&÷'2òÒö&WGFW"Ö§bÖW'&÷'2Óã2ãrçFw¢"À¢&–çFVw&—G’#¢'6†S"ÕF¥T§tuv$Gv´7‚ô5¦“wE$S…d#w6–Ô7d´¦d…W56Gg2¶DÒõEFv´ÆÔ¶æ2·ƒ44Rò÷“–’öæ£sDwDÂö‡v³t—sÓÒ"À¢&FWb#¢G'VRÀ¢&Æ–6Vç6R#¢$Ô•B"À¢&FWVæFVæ6–W2#¢°¢&§6öçö–çFW"#¢%ãRãã"À¢&ÆWfVâ#¢%ã2ãã ¢ÒÀ¢&Væv–æW2#¢°¢&æöFR#¢#ãÓ ¢ÒÀ¢'VW$FWVæFVæ6–W2#¢°¢&§b#¢#ãÓ‚ ¢Ð¢ÒÀ¢&æöFUöÖöGVÆW2ô&&VÂö6öFRÖg&ÖR#¢°¢'fW'6–öâ#¢#rã#’ãr"À¢'&W6öÇfVB#¢&‡GG3¢ò÷&Vv—7G'’æçÖ§2æ÷&rô&&VÂö6öFRÖg&ÖRòÒö6öFRÖg&ÖRÓrã#’ãrçFw¢"À¢&–çFVw&—G’#¢'6†S"ÔWvTög$Vs%$ôô¤ãd—sVc”DÔ&Ç§SÔ–¶ÒöÖÄÅdâõ•tóC‡t6£·†74T„§edfsw6•"·$–çu†C'…·sÓÒ"À¢&FWb#¢G'VRÀ¢&Æ–6Vç6R#¢$Ô•B"À¢&FWVæFVæ6–W2#¢°¢$&&VÂö†VÇW"×fÆ–FF÷"Ö–FVçF–f–W"#¢%ãrã#’ãr"À¢&§2×Fö¶Vç2#¢%ãBãã"À¢'–6ö6öÆ÷'2#¢%ããã ¢ÒÀ¢&Væv–æW2#¢°¢&æöFR#¢#ãÓbã’ã ¢Ð¢ÒÀ¢&æöFUöÖöGVÆW2ô&&VÂö6ö×BÖFF#¢°¢'fW'6–öâ#¢#rã#’ãr"À¢'&W6öÇfVB#¢&‡GG3¢ò÷&Vv—7G'’æçÖ§2æ÷&rô&&VÂö6ö×BÖFFòÒö6ö×BÖFFÓrã#’ãrçFw¢"À¢&–çFVw&—G’#¢'6†S"ÖÆö5Fµ”·gt”Vt'¥g&ãƒc“6V&3“tc%S…¤†¦%‡tE„£Tfã%D7çuFÄ¶6´Æ¶D†÷V2ö–4ôdSwCu”¤3V†ä´ædvsÓÒ"À¢&FWb#¢G'VRÀ¢&Æ–6Vç6R#¢$Ô•B"À¢&Væv–æW2#¢°¢&æöFR#¢#ãÓbã’ã ¢Ð¢ÒÀ¢&æöFUöÖöGVÆW2ô&&VÂö6÷&R#¢°¢'fW'6–öâ#¢#rã#’ãr"À¢'&W6öÇfVB#¢&‡GG3¢ò÷&Vv—7G'’æçÖ§2æ÷&rô&&VÂö6÷&RòÒö6÷&RÓrã#’ãrçFw¢"À¢&–çFVw&—G’#¢'6†S"Õ&t„$7gF¦$ô³&u…4ä$ä–´æôV3—õdWFS6†£†tWµTÃ4…¤–$¶%tdT“4ÆfÓdU”¶´ÆÄöƒ†U7&£–"¶6ƒ”‚õd$ÓÒ"À¢&FWb#¢G'VRÀ¢&Æ–6Vç6R#¢$Ô•B"À¢&FWVæFVæ6–W2#¢°¢$&&VÂö6öFRÖg&ÖR#¢%ãrã#’ãr"À¢$&&VÂövVæW&F÷"#¢%ãrã#’ãr"À¢$&&VÂö†VÇW"Ö6ö×–ÆF–öâ×F&vWG2#¢%ãrã#’ãr"À¢$&&VÂö†VÇW"ÖÖöGVÆR×G&ç6f÷&×2#¢%ãrã#’ãr"À¢$&&VÂö†VÇW'2#¢%ãrã#’ãr"À¢$&&VÂ÷'6W"#¢%ãrã#’ãr"À¢$&&VÂ÷FV×ÆFR#¢%ãrã#’ãr"À¢$&&VÂ÷G&fW'6R#¢%ãrã#’ãr"À¢$&&VÂ÷G—W2#¢%ãrã#’ãr"À¢$§&–FvWvVÆÂ÷&VÖ–ær#¢%ã"ã2ãR"À¢&6öçfW'B×6÷W&6RÖÖ#¢%ã"ãã"À¢&FV'Vr#¢%ãBãã"À¢&vVç7–æ2#¢%ãããÖ&WFã""À¢&§6öãR#¢%ã"ã"ã2"À¢'6V×fW"#¢%ãbã2ã ¢ÒÀ¢&Væv–æW2#¢°¢&æöFR#¢#ãÓbã’ã ¢ÒÀ¢&gVæF–ær#¢°¢'G—R#¢&÷Væ6öÆÆV7F—fR"À¢'W&Â#¢&‡GG3¢òö÷Væ6öÆÆV7F—fRæ6öÒö&&VÂ ¢Ð¢ÒÀ¢&æöFUöÖöGVÆW2ô&&VÂövVæW&F÷"#¢°¢'fW'6–öâ#¢#rã#’ã‚"À¢'&W6öÇfVB#¢&‡GG3¢ò÷&Vv—7G'’æçÖ§2æ÷&rô&&VÂövVæW&F÷"òÒövVæW&F÷"Órã#’ã‚çFw¢"À¢&–çFVw&—G’#¢'6†S"Öu¦&W6Fƒ5tGFu¤µtÂ·eEƒsÅ4'&Òõ“BõE¤%d65–fÖUDTWVôõ—vÅ7’´s7Fd¦r²õ§“SSRó5DF&ÓwF&$×FsÓÒ"À¢&FWb#¢G'VRÀ¢&Æ–6Vç6R#¢$Ô•B"À¢&FWVæFVæ6–W2#¢°¢$&&VÂ÷'6W"#¢%ãrã#’ã‚"À¢$&&VÂ÷G—W2#¢%ãrã#’ã‚"À¢$§&–FvWvVÆÂövVâÖÖ–ær#¢%ãã2ã""À¢$§&–FvWvVÆÂ÷G&6RÖÖ–ær#¢%ãã2ã#‚"À¢&§6W62#¢%ã2ãã" ¢ÒÀ¢&Væv–æW2#¢°¢&æöFR#¢#ãÓbã’ã ¢Ð¢ÒÀ¢&æöFUöÖöGVÆW2ô&&VÂö†VÇW"Öææ÷FFRÖ2×W&R#¢°¢'fW'6–öâ#¢#rã#’ãr"À¢'&W6öÇfVB#¢&‡GG3¢ò÷&Vv—7G'’æçÖ§2æ÷&rô&&VÂö†VÇW"Öææ÷FFRÖ2×W&RòÒö†VÇW"Öææ÷FFRÖ2×W&RÓrã#’ãrçFw¢"À¢&–çFVw&—G’#¢'6†S"Ôöô³c#3–¤…U5öõ3¶eEd¶ã"÷%eF³6T·DvC%TÔÇFÔõdÆ¤D3¶“6R¶3“G'c&tÖgd¤g¶–Æ§'#Sc‚·FF—sÓÒ"À¢&FWb#¢G'VRÀ¢&Æ–6Vç6R#¢$Ô•B"À¢&FWVæFVæ6–W2#¢°¢$&&VÂ÷G—W2#¢%ãrã#’ãr ¢ÒÀ¢&Væv–æW2#¢°¢&æöFR#¢#ãÓbã’ã ¢Ð¢ÒÀ¢&æöFUöÖöGVÆW2ô&&VÂö†VÇW"Ö6ö×–ÆF–öâ×F&vWG2#¢°¢'fW'6–öâ#¢#rã#’ãr"À¢'&W6öÇfVB#¢&‡GG3¢ò÷&Vv—7G'’æçÖ§2æ÷&rô&&VÂö†VÇW"Ö6ö×–ÆF–öâ×F&vWG2òÒö†VÇW"Ö6ö×–ÆF–öâ×F&vWG2Órã#’ãrçFw¢"À¢&–çFVw&—G’#¢'6†S"×vVÓev&£Dæe•fDæ„Åf4U3e¤¢´´$&e6µDÔC5•§†%7&Ó4F“ƒWD¥SVÆ¦Tæ†÷–çB´£‡'V…—W¥'C†ãssÓÒ"À¢&FWb#¢G'VRÀ¢&Æ–6Vç6R#¢$Ô•B"À¢&FWVæFVæ6–W2#¢°¢$&&VÂö6ö×BÖFF#¢%ãrã#’ãr"À¢$&&VÂö†VÇW"×fÆ–FF÷"Ö÷F–öâ#¢%ãrã#’ãr"À¢&'&÷w6W'6Æ—7B#¢%ãBã#Bã"À¢&Ç'RÖ66†R#¢%ãRãã"À¢'6V×fW"#¢%ãbã2ã ¢ÒÀ¢&Væv–æW2#¢°¢&æöFR#¢#ãÓbã’ã ¢Ð¢ÒÀ¢&æöFUöÖöGVÆW2ô&&VÂö†VÇW"Ö7&VFRÖ6Æ72ÖfVGW&W2×ÇVv–â#¢°¢'fW'6–öâ#¢#rã#’ãr"À¢'&W6öÇfVB#¢&‡GG3¢ò÷&Vv—7G'’æçÖ§2æ÷&rô&&VÂö†VÇW"Ö7&VFRÖ6Æ72ÖfVGW&W2×ÇVv–âòÒö†VÇW"Ö7&VFRÖ6Æ72ÖfVGW&W2×ÇVv–âÓrã#’ãrçFw¢"À¢&–çFVw&—G’#¢'6†S"Ô•“5¤C•FÖö÷#5EV†34EUw†—Vó‡‡ƒEtÆ†CTÓv…µ¥t¦×Ó$&&Ç$$¦#$Ö—54Æõ–÷$ö£sUS7TÄ7…E“—#6†sÓÒ"À¢&FWb#¢G'VRÀ¢&Æ–6Vç6R#¢$Ô•B"À¢&FWVæFVæ6–W2#¢°¢$&&VÂö†VÇW"Öææ÷FFRÖ2×W&R#¢%ãrã#’ãr"À¢$&&VÂö†VÇW"ÖÖVÖ&W"ÖW‡&W76–öâ×FòÖgVæ7F–öç2#¢%ãrã#’ãr"À¢$&&VÂö†VÇW"Ö÷F–Ö—6RÖ6ÆÂÖW‡&W76–öâ#¢%ãrã#’ãr"À¢$&&VÂö†VÇW"×&WÆ6R×7WW'2#¢%ãrã#’ãr"À¢$&&VÂö†VÇW"×6¶—×G&ç7&VçBÖW‡&W76–öâ×w&W'2#¢%ãrã#’ãr"À¢$&&VÂ÷G&fW'6R#¢%ãrã#’ãr"À¢'6V×fW"#¢%ãbã2ã ¢ÒÀ¢&Væv–æW2#¢°¢&æöFR#¢#ãÓbã’ã ¢ÒÀ¢'VW$FWVæFVæ6–W2#¢°¢$&&VÂö6÷&R#¢%ãrãã ¢Ð¢ÒÀ¢&æöFUöÖöGVÆW2ô&&VÂö†VÇW"Ö7&VFR×&VvW‡ÖfVGW&W2×ÇVv–â#¢°¢'fW'6–öâ#¢#rã#’ãr"À¢'&W6öÇfVB#¢&‡GG3¢ò÷&Vv—7G'’æçÖ§2æ÷&rô&&VÂö†VÇW"Ö7&VFR×&VvW‡ÖfVGW&W2×ÇVv–âòÒö†VÇW"Ö7&VFR×&VvW‡ÖfVGW&W2×ÇVv–âÓrã#’ãrçFw¢"À¢&–çFVw&—G’#¢'6†S"Ó“uW–×gvsGuT³t”wtdõ5—¥÷W¥„´ä£—‡§ufg¦µ”fs'&T†“d”÷3g5†´s”æ$•T×VæåVÆµ—6e$dçföÖsÓÒ"À¢&FWb#¢G'VRÀ¢&Æ–6Vç6R#¢$Ô•B"À¢&FWVæFVæ6–W2#¢°¢$&&VÂö†VÇW"Öææ÷FFRÖ2×W&R#¢%ãrã#’ãr"À¢'&VvW‡RÖ6÷&R#¢%ãbã2ã"À¢'6V×fW"#¢%ãbã2ã ¢ÒÀ¢&Væv–æW2#¢°¢&æöFR#¢#ãÓbã’ã ¢ÒÀ¢'VW$FWVæFVæ6–W2#¢°¢$&&VÂö6÷&R#¢%ãrãã ¢Ð¢ÒÀ¢&æöFUöÖöGVÆW2ô&&VÂö†VÇW"ÖFVf–æR×öÇ–f–ÆÂ×&÷f–FW"#¢°¢'fW'6–öâ#¢#ãbã‚"À¢'&W6öÇfVB#¢&‡GG3¢ò÷&Vv—7G'’æçÖ§2æ÷&rô&&VÂö†VÇW"ÖFVf–æR×öÇ–f–ÆÂ×&÷f–FW"òÒö†VÇW"ÖFVf–æR×öÇ–f–ÆÂ×&÷f–FW"Óãbã‚çFw¢"À¢&–çFVw&—G’#¢'6†S"ÓCuWt$Å“æõw¤ÇT„æ¥&ô†Å•„×t”¦ô&ctÔf÷Sgf”2÷4”…u—–wg##d”–ƒW4&D&ç#$Å•'ws†ÆfUe”ä$ÓÒ"À¢&FWb#¢G'VRÀ¢&Æ–6Vç6R#¢$Ô•B"À¢&FWVæFVæ6–W2#¢°¢$&&VÂö†VÇW"Ö6ö×–ÆF–öâ×F&vWG2#¢%ãrã#‚ãb"À¢$&&VÂö†VÇW"×ÇVv–â×WF–Ç2#¢%ãrã#‚ãb"À¢&FV'Vr#¢%ãBãBã2"À¢&ÆöF6‚æFV&÷Væ6R#¢%ãBãã‚"À¢'&W6öÇfR#¢%ãã#"ã ¢ÒÀ¢'VW$FWVæFVæ6–W2#¢°¢$&&VÂö6÷&R#¢%ãrãBãÇÂã‚ããÓÃ‚ãã ¢Ð¢ÒÀ¢&æöFUöÖöGVÆW2ô&&VÂö†VÇW"ÖvÆö&Ç2#¢°¢'fW'6–öâ#¢#rã#’ãr"À¢'&W6öÇfVB#¢&‡GG3¢ò÷&Vv—7G'’æçÖ§2æ÷&rô&&VÂö†VÇW"ÖvÆö&Ç2òÒö†VÇW"ÖvÆö&Ç2Órã#’ãrçFw¢"À¢&–çFVw&—G’#¢'6†S"Ó6åeTGf´´ƒ—¦†evws“d¦2÷TdöÖ¤4Sµ£ƒ$S&ÇvÔ„&v§¦$æÇ43#&çUFf†ÕvUEGVåóDææC$v£G¤ÓÒ"À¢&FWb#¢G'VRÀ¢&Æ–6Vç6R#¢$Ô•B"À¢&Væv–æW2#¢°¢&æöFR#¢#ãÓbã’ã ¢Ð¢ÒÀ¢&æöFUöÖöGVÆW2ô&&VÂö†VÇW"ÖÖVÖ&W"ÖW‡&W76–öâ×FòÖgVæ7F–öç2#¢°¢'fW'6–öâ#¢#rã#’ãr"À¢'&W6öÇfVB#¢&‡GG3¢ò÷&Vv—7G'’æçÖ§2æ÷&rô&&VÂö†VÇW"ÖÖVÖ&W"ÖW‡&W76–öâ×FòÖgVæ7F–öç2òÒö†VÇW"ÖÖVÖ&W"ÖW‡&W76–öâ×FòÖgVæ7F–öç2Órã#’ãrçFw¢"À¢&–çFVw&—G’#¢'6†S"Ö¢³t¥–Ö³¥”GD4”v£§u¦¦õWÖôV–µtDÖ†t4Ô54GC"µ3'&f6–%Tç$tôÕw&Ç¤³t¤&G‡$#4¤¥§uwFsÓÒ"À¢&FWb#¢G'VRÀ¢&Æ–6Vç6R#¢$Ô•B"À¢&FWVæFVæ6–W2#¢°¢$&&VÂ÷G&fW'6R#¢%ãrã#’ãr"À¢$&&VÂ÷G—W2#¢%ãrã#’ãr ¢ÒÀ¢&Væv–æW2#¢°¢&æöFR#¢#ãÓbã’ã ¢Ð¢ÒÀ¢&æöFUöÖöGVÆW2ô&&VÂö†VÇW"ÖÖöGVÆRÖ–×÷'G2#¢°¢'fW'6–öâ#¢#rã#’ãr"À¢'&W6öÇfVB#¢&‡GG3¢ò÷&Vv—7G'’æçÖ§2æ÷&rô&&VÂö†VÇW"ÖÖöGVÆRÖ–×÷'G2òÒö†VÇW"ÖÖöGVÆRÖ–×÷'G2Órã#’ãrçFw¢"À¢&–çFVw&—G’#¢'6†S"ÖV¤‡w%–6Ó—†åF—e6†ã$”DöÄ—¤–äã3D‡6·g•–7d7DW§g¦6ÇR÷D´c„§6s„¤s$tÃbôVÖ¦w45CvÅ†WS6sÓÒ"À¢&FWb#¢G'VRÀ¢&Æ–6Vç6R#¢$Ô•B"À¢&FWVæFVæ6–W2#¢°¢$&&VÂ÷G&fW'6R#¢%ãrã#’ãr"À¢$&&VÂ÷G—W2#¢%ãrã#’ãr ¢ÒÀ¢&Væv–æW2#¢°¢&æöFR#¢#ãÓbã’ã ¢Ð¢ÒÀ¢&æöFUöÖöGVÆW2ô&&VÂö†VÇW"ÖÖöGVÆR×G&ç6f÷&×2#¢°¢'fW'6–öâ#¢#rã#’ãr"À¢'&W6öÇfVB#¢&‡GG3¢ò÷&Vv—7G'’æçÖ§2æ÷&rô&&VÂö†VÇW"ÖÖöGVÆR×G&ç6f÷&×2òÒö†VÇW"ÖÖöGVÆR×G&ç6f÷&×2Órã#’ãrçFw¢"À¢&–çFVw&—G’#¢'6†S"ÕUUe7•†$öƒc#t¶”4”u6wuw¤vT$´Æ¶£•¤VG&æt—tÕ7§„Å#F¥3B¶cc¦#ug¤&&s†ädÆ–÷Geed5GG&ÕDsÓÒ"À¢&FWb#¢G'VRÀ¢&Æ–6Vç6R#¢$Ô•B"À¢&FWVæFVæ6–W2#¢°¢$&&VÂö†VÇW"ÖÖöGVÆRÖ–×÷'G2#¢%ãrã#’ãr"À¢$&&VÂö†VÇW"×fÆ–FF÷"Ö–FVçF–f–W"#¢%ãrã#’ãr"À¢$&&VÂ÷G&fW'6R#¢%ãrã#’ãr ¢ÒÀ¢&Væv–æW2#¢°¢&æöFR#¢#ãÓbã’ã ¢ÒÀ¢'VW$FWVæFVæ6–W2#¢°¢$&&VÂö6÷&R#¢%ãrãã ¢Ð¢ÒÀ¢&æöFUöÖöGVÆW2ô&&VÂö†VÇW"Ö÷F–Ö—6RÖ6ÆÂÖW‡&W76–öâ#¢°¢'fW'6–öâ#¢#rã#’ãr"À¢'&W6öÇfVB#¢&‡GG3¢ò÷&Vv—7G'’æçÖ§2æ÷&rô&&VÂö†VÇW"Ö÷F–Ö—6RÖ6ÆÂÖW‡&W76–öâòÒö†VÇW"Ö÷F–Ö—6RÖ6ÆÂÖW‡&W76–öâÓrã#’ãrçFw¢"À¢&–çFVw&—G’#¢'6†S"Ò¶¶Ôuf¦5C•$u—¦ôGvGtWWdvt¶S4%—´ó”w¦¤gV&æu¤‡u”…fÇ4c%–v†cF´WWc”%cwE”E£“6%s–Óe”¶öæsÓÒ"À¢&FWb#¢G'VRÀ¢&Æ–6Vç6R#¢$Ô•B"À¢&FWVæFVæ6–W2#¢°¢$&&VÂ÷G—W2#¢%ãrã#’ãr ¢ÒÀ¢&Væv–æW2#¢°¢&æöFR#¢#ãÓbã’ã ¢Ð¢ÒÀ¢&æöFUöÖöGVÆW2ô&&VÂö†VÇW"×ÇVv–â×WF–Ç2#¢°¢'fW'6–öâ#¢#rã#’ãr"À¢'&W6öÇfVB#¢&‡GG3¢ò÷&Vv—7G'’æçÖ§2æ÷&rô&&VÂö†VÇW"×ÇVv–â×WF–Ç2òÒö†VÇW"×ÇVv–â×WF–Ç2Órã#’ãrçFw¢"À¢&–çFVw&—G’#¢'6†S"Ôsw4…––u“vôóU5•vædBóÕD'ue#sƒ2ô¤“cC6Rô¦…U–ufutRóc6õs4äƒ”µuT·”·TÅfƒ6ç–c“•v·Cf£ƒd§sÓÒ"À¢&FWb#¢G'VRÀ¢&Æ–6Vç6R#¢$Ô•B"À¢&Væv–æW2#¢°¢&æöFR#¢#ãÓbã’ã ¢Ð¢ÒÀ¢&æöFUöÖöGVÆW2ô&&VÂö†VÇW"×&VÖÖ7–æ2×FòÖvVæW&F÷"#¢°¢'fW'6–öâ#¢#rã#’ãr"À¢'&W6öÇfVB#¢&‡GG3¢ò÷&Vv—7G'’æçÖ§2æ÷&rô&&VÂö†VÇW"×&VÖÖ7–æ2×FòÖvVæW&F÷"òÒö†VÇW"×&VÖÖ7–æ2×FòÖvVæW&F÷"Órã#’ãrçFw¢"À¢&–çFVw&—G’#¢'6†S"ÓdÖ•s#dF%…t&'#4#‡tæ÷¤´Ó–DÔÄ#ƒ“'fö¥röe¦FåC‡d¦³W6Fµ5Rö—7W‡”4S4Vö‡u¤ö6&tGT3F#dösÓÒ"À¢&FWb#¢G'VRÀ¢&Æ–6Vç6R#¢$Ô•B"À¢&FWVæFVæ6–W2#¢°¢$&&VÂö†VÇW"Öææ÷FFRÖ2×W&R#¢%ãrã#’ãr"À¢$&&VÂö†VÇW"×w&ÖgVæ7F–öâ#¢%ãrã#’ãr"À¢$&&VÂ÷G&fW'6R#¢%ãrã#’ãr ¢ÒÀ¢&Væv–æW2#¢°¢&æöFR#¢#ãÓbã’ã ¢ÒÀ¢'VW$FWVæFVæ6–W2#¢°¢$&&VÂö6÷&R#¢%ãrãã ¢Ð¢ÒÀ¢&æöFUöÖöGVÆW2ô&&VÂö†VÇW"×&WÆ6R×7WW'2#¢°¢'fW'6–öâ#¢#rã#’ãr"À¢'&W6öÇfVB#¢&‡GG3¢ò÷&Vv—7G'’æçÖ§2æ÷&rô&&VÂö†VÇW"×&WÆ6R×7WW'2òÒö†VÇW"×&WÆ6R×7WW'2Órã#’ãrçFw¢"À¢&–çFVw&—G’#¢'6†S"ÖFdu…u6T6”cDFäµ¤–fÔ¦e&µ7s–#–täå…#·¶¦&„sGu”4öæ·„ö5D#„S4å†¤'S„ç†U6äöTä·£„µCuTäeFÕÓÒ"À¢&FWb#¢G'VRÀ¢&Æ–6Vç6R#¢$Ô•B"À¢&FWVæFVæ6–W2#¢°¢$&&VÂö†VÇW"ÖÖVÖ&W"ÖW‡&W76–öâ×FòÖgVæ7F–öç2#¢%ãrã#’ãr"À¢$&&VÂö†VÇW"Ö÷F–Ö—6RÖ6ÆÂÖW‡&W76–öâ#¢%ãrã#’ãr"À¢$&&VÂ÷G&fW'6R#¢%ãrã#’ãr ¢ÒÀ¢&Væv–æW2#¢°¢&æöFR#¢#ãÓbã’ã ¢ÒÀ¢'VW$FWVæFVæ6–W2#¢°¢$&&VÂö6÷&R#¢%ãrãã ¢Ð¢ÒÀ¢&æöFUöÖöGVÆW2ô&&VÂö†VÇW"×6¶—×G&ç7&VçBÖW‡&W76–öâ×w&W'2#¢°¢'fW'6–öâ#¢#rã#’ãr"À¢'&W6öÇfVB#¢&‡GG3¢ò÷&Vv—7G'’æçÖ§2æ÷&rô&&VÂö†VÇW"×6¶—×G&ç7&VçBÖW‡&W76–öâ×w&W'2òÒö†VÇW"×6¶—×G&ç7&VçBÖW‡&W76–öâ×w&W'2Órã#’ãrçFw¢"À¢&–çFVw&—G’#¢'6†S"Ö'&4Ôug¤–UV"³bö'3cc…—Täæ¤µ“$§—fe$74gTg6D¶64UTvW3'“sDCsDå£'£†Ä´£–·4¦¶gud¢ö”äW•ÓÒ"À¢&FWb#¢G'VRÀ¢&Æ–6Vç6R#¢$Ô•B"À¢&FWVæFVæ6–W2#¢°¢$&&VÂ÷G&fW'6R#¢%ãrã#’ãr"À¢$&&VÂ÷G—W2#¢%ãrã#’ãr ¢ÒÀ¢&Væv–æW2#¢°¢&æöFR#¢#ãÓbã’ã ¢Ð¢ÒÀ¢&æöFUöÖöGVÆW2ô&&VÂö†VÇW"×7G&–ær×'6W"#¢°¢'fW'6–öâ#¢#rã#’ãr"À¢'&W6öÇfVB#¢&‡GG3¢ò÷&Vv—7G'’æçÖ§2æ÷&rô&&VÂö†VÇW"×7G&–ær×'6W"òÒö†VÇW"×7G&–ær×'6W"Órã#’ãrçFw¢"À¢&–çFVw&—G’#¢'6†S"Õ#V–¥%£ƒ”tDƒƒ##4ÃEU†“ew‡3E&%¥FUtEcö¶U#$S3dÖT¶ç—#dÅ–ÕUWg%$’´—cƒu7TcsdW$”ç¥—sÓÒ"À¢&FWb#¢G'VRÀ¢&Æ–6Vç6R#¢$Ô•B"À¢&Væv–æW2#¢°¢&æöFR#¢#ãÓbã’ã ¢Ð¢ÒÀ¢&æöFUöÖöGVÆW2ô&&VÂö†VÇW"×fÆ–FF÷"Ö–FVçF–f–W"#¢°¢'fW'6–öâ#¢#rã#’ãr"À¢'&W6öÇfVB#¢&‡GG3¢ò÷&Vv—7G'’æçÖ§2æ÷&rô&&VÂö†VÇW"×fÆ–FF÷"Ö–FVçF–f–W"òÒö†VÇW"×fÆ–FF÷"Ö–FVçF–f–W"Órã#’ãrçFw¢"À¢&–çFVw&—G’#¢'6†S"×V‡„vµ&£SV‚öfc„TÖ¢¶5–‡–¶Ä„—‡”Fãcƒ'uCu$ç•WV¤õ4†ös'U3#'g§#Gr·5†c“æVV–¦4æƒ6dfsÓÒ"À¢&FWb#¢G'VRÀ¢&Æ–6Vç6R#¢$Ô•B"À¢&Væv–æW2#¢°¢&æöFR#¢#ãÓbã’ã ¢Ð¢ÒÀ¢&æöFUöÖöGVÆW2ô&&VÂö†VÇW"×fÆ–FF÷"Ö÷F–öâ#¢°¢'fW'6–öâ#¢#rã#’ãr"À¢'&W6öÇfVB#¢&‡GG3¢ò÷&Vv—7G'’æçÖ§2æ÷&rô&&VÂö†VÇW"×fÆ–FF÷"Ö÷F–öâòÒö†VÇW"×fÆ–FF÷"Ö÷F–öâÓrã#’ãrçFw¢"À¢&–çFVw&—G’#¢'6†S"Ôã•¤W'$B·•sVvT4GD'äö÷†Õ#‚·Dä¶”wW„¶ÄGT§†g7&Df6W†¦”tR÷ô„Æ”DG&Udä×W„vÕ6ôæÇ—g46wsÓÒ"À¢&FWb#¢G'VRÀ¢&Æ–6Vç6R#¢$Ô•B"À¢&Væv–æW2#¢°¢&æöFR#¢#ãÓbã’ã ¢Ð¢ÒÀ¢&æöFUöÖöGVÆW2ô&&VÂö†VÇW"×w&ÖgVæ7F–öâ#¢°¢'fW'6–öâ#¢#rã#’ãr"À¢'&W6öÇfVB#¢&‡GG3¢ò÷&Vv—7G'’æçÖ§2æ÷&rô&&VÂö†VÇW"×w&ÖgVæ7F–öâòÒö†VÇW"×w&ÖgVæ7F–öâÓrã#’ãrçFw¢"À¢&–çFVw&—G’#¢'6†S"Ö”U36¶s”U$”cc††GófF%†6Ôåt³74W¦ÖäÄç2öT36ÃÆ´–ÖFf÷“e“’õ6f·vD#E&¥uduF5dvGsÓÒ"À¢&FWb#¢G'VRÀ¢&Æ–6Vç6R#¢$Ô•B"À¢&FWVæFVæ6–W2#¢°¢$&&VÂ÷FV×ÆFR#¢%ãrã#’ãr"À¢$&&VÂ÷G&fW'6R#¢%ãrã#’ãr"À¢$&&VÂ÷G—W2#¢%ãrã#’ãr ¢ÒÀ¢&Væv–æW2#¢°¢&æöFR#¢#ãÓbã’ã ¢Ð¢ÒÀ¢&æöFUöÖöGVÆW2ô&&VÂö†VÇW'2#¢°¢'fW'6–öâ#¢#rã#’ãr"À¢'&W6öÇfVB#¢&‡GG3¢ò÷&Vv—7G'’æçÖ§2æ÷&rô&&VÂö†VÇW'2òÒö†VÇW'2Órã#’ãrçFw¢"À¢&–çFVw&—G’#¢'6†S"Ó³&Äu$Öd…F7wTå–44åVÖVffÕc„µtÖfƒ&”¥UVU&ÇvÇtƒDfDäsvÖe“ådÄ„¤eF„SEG—#F×cvµDå¤ö•T&sÓÒ"À¢&FWb#¢G'VRÀ¢&Æ–6Vç6R#¢$Ô•B"À¢&FWVæFVæ6–W2#¢°¢$&&VÂ÷FV×ÆFR#¢%ãrã#’ãr"À¢$&&VÂ÷G—W2#¢%ãrã#’ãr ¢ÒÀ¢&Væv–æW2#¢°¢&æöFR#¢#ãÓbã’ã ¢Ð¢ÒÀ¢&æöFUöÖöGVÆW2ô&&VÂ÷'6W"#¢°¢'fW'6–öâ#¢#rã#’ã‚"À¢'&W6öÇfVB#¢&‡GG3¢ò÷&Vv—7G'’æçÖ§2æ÷&rô&&VÂ÷'6W"òÒ÷'6W"Órã#’ã‚çFw¢"À¢&–çFVw&—G’#¢'6†S"ÔS†ÅD”ä#µr´d‚µdt§U¤Ó–ôƒ$SfõfÇee'&cU…¥¦×6”¥…”C—eDecw—”UU$ç¦vƒDgÕ§TógEWv4&'d4ÓÒ"À¢&FWb#¢G'VRÀ¢&Æ–6Vç6R#¢$Ô•B"À¢&FWVæFVæ6–W2#¢°¢$&&VÂ÷G—W2#¢%ãrã#’ã‚ ¢ÒÀ¢&&–â#¢°¢''6W"#¢&&–âö&&VÂ×'6W"æ§2 ¢ÒÀ¢&Væv–æW2#¢°¢&æöFR#¢#ãÓbãã ¢Ð¢ÒÀ¢&æöFUöÖöGVÆW2ô&&VÂ÷ÇVv–âÖ'Vvf—‚Öf—&Vf÷‚Ö6Æ72Ö–âÖ6ö×WFVBÖ6Æ72Ö¶W’#¢°¢'fW'6–öâ#¢#rã#’ãr"À¢'&W6öÇfVB#¢&‡GG3¢ò÷&Vv—7G'’æçÖ§2æ÷&rô&&VÂ÷ÇVv–âÖ'Vvf—‚Öf—&Vf÷‚Ö6Æ72Ö–âÖ6ö×WFVBÖ6Æ72Ö¶W’òÒ÷ÇVv–âÖ'Vvf—‚Öf—&Vf÷‚Ö6Æ72Ö–âÖ6ö×WFVBÖ6Æ72Ö¶W’Órã#’ãrçFw¢"À¢&–çFVw&—G’#¢'6†S"Ö£…7%#¤Å§%'43”FÇ7¤Wƒ„gÖ—wV´¶fe•„Ô³CTÆÔövÄówdtsg7¢ô%"ó#”‡t‚´Ææã3¥GC%S6„•tætÓ$£gsÓÒ"À¢&FWb#¢G'VRÀ¢&Æ–6Vç6R#¢$Ô•B"À¢&FWVæFVæ6–W2#¢°¢$&&VÂö†VÇW"×ÇVv–â×WF–Ç2#¢%ãrã#’ãr"À¢$&&VÂ÷G&fW'6R#¢%ãrã#’ãr ¢ÒÀ¢&Væv–æW2#¢°¢&æöFR#¢#ãÓbã’ã ¢ÒÀ¢'VW$FWVæFVæ6–W2#¢°¢$&&VÂö6÷&R#¢%ãrãã ¢Ð¢ÒÀ¢&æöFUöÖöGVÆW2ô&&VÂ÷ÇVv–âÖ'Vvf—‚×6f&’Ö6Æ72Öf–VÆBÖ–æ—F–Æ—¦W"×66÷R#¢°¢'fW'6–öâ#¢#rã#’ãr"À¢'&W6öÇfVB#¢&‡GG3¢ò÷&Vv—7G'’æçÖ§2æ÷&rô&&VÂ÷ÇVv–âÖ'Vvf—‚×6f&’Ö6Æ72Öf–VÆBÖ–æ—F–Æ—¦W"×66÷RòÒ÷ÇVv–âÖ'Vvf—‚×6f&’Ö6Æ72Öf–VÆBÖ–æ—F–Æ—¦W"×66÷RÓrã#’ãrçFw¢"À¢&–çFVw&—G’#¢'6†S"×#†£†W64bµS$eT†ó´ö…VD×¥Tò¶§–d–çfb´5dc5““tWb³V”å§v—Fv†×¤æUwtF´õÅ—UF6f#dFõ¤¶ÔÓÒ"À¢&FWb#¢G'VRÀ¢&Æ–6Vç6R#¢$Ô•B"À¢&FWVæFVæ6–W2#¢°¢$&&VÂö†VÇW"×ÇVv–â×WF–Ç2#¢%ãrã#’ãr ¢ÒÀ¢&Væv–æW2#¢°¢&æöFR#¢#ãÓbã’ã ¢ÒÀ¢'VW$FWVæFVæ6–W2#¢°¢$&&VÂö6÷&R#¢%ãrãã ¢Ð¢ÒÀ¢&æöFUöÖöGVÆW2ô&&VÂ÷ÇVv–âÖ'Vvf—‚×6f&’Ö–BÖFW7G'V7GW&–ærÖ6öÆÆ—6–öâÖ–âÖgVæ7F–öâÖW‡&W76–öâ#¢°¢'fW'6–öâ#¢#rã#’ãr"À¢'&W6öÇfVB#¢&‡GG3¢ò÷&Vv—7G'’æçÖ§2æ÷&rô&&VÂ÷ÇVv–âÖ'Vvf—‚×6f&’Ö–BÖFW7G'V7GW&–ærÖ6öÆÆ—6–öâÖ–âÖgVæ7F–öâÖW‡&W76–öâòÒ÷ÇVv–âÖ'Vvf—‚×6f&’Ö–BÖFW7G'V7GW&–ærÖ6öÆÆ—6–öâÖ–âÖgVæ7F–öâÖW‡&W76–öâÓrã#’ãrçFw¢"À¢&–çFVw&—G’#¢'6†S"ÔtSDe6—TfTw47†Õ•…¦Ã„‡võ%fÇvSG$…dS‡vV–Ttµ§äDõ$²´#7futÖur´÷…bó%FtÅ4·ƒ—estóG$3guÓÒ"À¢&FWb#¢G'VRÀ¢&Æ–6Vç6R#¢$Ô•B"À¢&FWVæFVæ6–W2#¢°¢$&&VÂö†VÇW"×ÇVv–â×WF–Ç2#¢%ãrã#’ãr ¢ÒÀ¢&Væv–æW2#¢°¢&æöFR#¢#ãÓbã’ã ¢ÒÀ¢'VW$FWVæFVæ6–W2#¢°¢$&&VÂö6÷&R#¢%ãrãã ¢Ð¢ÒÀ¢&æöFUöÖöGVÆW2ô&&VÂ÷ÇVv–âÖ'Vvf—‚×6f&’×&W7BÖFW7G'V7GW&–ær×&‡2Ö'&’#¢°¢'fW'6–öâ#¢#rã#’ãr"À¢'&W6öÇfVB#¢&‡GG3¢ò÷&Vv—7G'’æçÖ§2æ÷&rô&&VÂ÷ÇVv–âÖ'Vvf—‚×6f&’×&W7BÖFW7G'V7GW&–ær×&‡2Ö'&’òÒ÷ÇVv–âÖ'Vvf—‚×6f&’×&W7BÖFW7G'V7GW&–ær×&‡2Ö'&’Órã#’ãrçFw¢"À¢&–çFVw&—G’#¢'6†S"Öô$åd7fäóWDäB·…6÷wec…tävgFfuE§"õ•……6£‡¦fÖ5·GT·Rö¦Ç4–÷vu4CFf¦Öt†ãg4vÔ#”g5SW¤öF„ÓÒ"À¢&FWb#¢G'VRÎûëž­¢G§²ÚîÆ­y×¢"À¢&–çFVw&—G’#¢'6†S"Ö§twÔdócs4öÆeCtõ4‡„våsC6–Tƒ•u¦Uu„âôrö¥3F¦gVµ§†÷'—d¦ueV7&ÃTäÂövt‡56ÔÄÔ‡TƒcDÆ†sÓÒ"À¢&FWb#¢G'VRÀ¢&Æ–6Vç6R#¢$Ô•B"À¢&Væv–æW2#¢°¢&æöFR#¢#ãÓB"À¢'–&â#¢"¢ ¢Ð¢ÒÀ¢&æöFUöÖöGVÆW2÷WFFRÖ'&÷w6W'6Æ—7BÖF"#¢°¢'fW'6–öâ#¢#ã2ã"À¢'&W6öÇfVB#¢&‡GG3¢ò÷&Vv—7G'’æçÖ§2æ÷&r÷WFFRÖ'&÷w6W'6Æ—7BÖF"òÒ÷WFFRÖ'&÷w6W'6Æ—7BÖF"Óã2ãçFw¢"À¢&–çFVw&—G’#¢'6†S"Õ¥£cG5'4öæ¶ÃsD„×6õ4ãF…VÔUu†b¶’÷—cƒwD”&d”635fG$dW%µUTµwS4×5ETÖ&6öætÄTãFÃdu5W%ÓÒ"À¢&FWb#¢G'VRÀ¢&gVæF–ær#¢°¢°¢'G—R#¢&÷Væ6öÆÆV7F—fR"À¢'W&Â#¢&‡GG3¢òö÷Væ6öÆÆV7F—fRæ6öÒö'&÷w6W'6Æ—7B ¢ÒÀ¢°¢'G—R#¢'F–FVÆ–gB"À¢'W&Â#¢&‡GG3¢ò÷F–FVÆ–gBæ6öÒögVæF–æröv—F‡V"öçÒö'&÷w6W'6Æ—7B ¢ÒÀ¢°¢'G—R#¢&v—F‡V""À¢'W&Â#¢&‡GG3¢òöv—F‡V"æ6öÒ÷7öç6÷'2ö’ ¢Ð¢ÒÀ¢&Æ–6Vç6R#¢$Ô•B"À¢&FWVæFVæ6–W2#¢°¢&W66ÆFR#¢%ã2ã"ã"À¢'–6ö6öÆ÷'2#¢%ããã ¢ÒÀ¢&&–â#¢°¢'WFFRÖ'&÷w6W'6Æ—7BÖF"#¢&6Æ’æ§2 ¢ÒÀ¢'VW$FWVæFVæ6–W2#¢°¢&'&÷w6W'6Æ—7B#¢#ãÒBã#ã ¢Ð¢ÒÀ¢&æöFUöÖöGVÆW2÷WF–ÂÖFW&V6FR#¢°¢'fW'6–öâ#¢#ãã""À¢'&W6öÇfVB#¢&‡GG3¢ò÷&Vv—7G'’æçÖ§2æ÷&r÷WF–ÂÖFW&V6FRòÒ÷WF–ÂÖFW&V6FRÓãã"çFw¢"À¢&–çFVw&—G’#¢'6†S"ÔUCWU‡”g„§7$Æä63ä†ç6tödE¤&ö4–”“%F44ud4£T¤DÖt7¤–µ„ç5U–dCF²òôÅDU‡†”–'$‡F7sÓÒ"À¢&FWb#¢G'VRÀ¢&Æ–6Vç6R#¢$Ô•B ¢ÒÀ¢&æöFUöÖöGVÆW2÷f—FR#¢°¢'fW'6–öâ#¢#‚ã"ã""À¢'&W6öÇfVB#¢&‡GG3¢ò÷&Vv—7G'’æçÖ§2æ÷&r÷f—FRòÒ÷f—FRÓ‚ã"ã"çFw¢"À¢&–çFVw&—G’#¢'6†S"Ö4d´Åbõ&tVÄ•&ÓUv¤Ö¤£ƒf§&gG§6t‚µW2´E3†Ô“44Dæ”ƒ3v‡'£‡T„Ã2´ÔôÅw$Ô$vD„„ôÒ·¢õÓÒ"À¢&FWb#¢G'VRÀ¢&Æ–6Vç6R#¢$Ô•B"À¢&FWVæFVæ6–W2#¢°¢&Æ–v‡Fæ–æv772#¢%ãã32ã"À¢'–6öÖF6‚#¢%ãBããR"À¢'÷7F772#¢%ã‚ãRã#b"À¢'&öÆÆF÷vâ#¢'ãã"ãB"À¢'F–ç–vÆö&'’#¢%ãã"ãr ¢ÒÀ¢&&–â#¢°¢'f—FR#¢&&–â÷f—FRæ§2 ¢ÒÀ¢&Væv–æW2#¢°¢&æöFR#¢%ã#ã’ãÇÂãÓ#"ã"ã ¢ÒÀ¢&gVæF–ær#¢°¢'W&Â#¢&‡GG3¢òöv—F‡V"æ6öÒ÷f—FV§2÷f—FS÷7öç6÷#Ó ¢ÒÀ¢&÷F–öæÄFWVæFVæ6–W2#¢°¢&g6WfVçG2#¢'ã"ã2ã2 ¢ÒÀ¢'VW$FWVæFVæ6–W2#¢°¢$G—W2öæöFR#¢%ã#ã’ãÇÂãÓ#"ã"ã"À¢$f—FV§2öFWgFööÇ2#¢%ããBãÇÂããRã"À¢&W6'V–ÆB#¢%ãã#rãÇÂãã#‚ã"À¢&¦—F’#¢#ãÓã#ã"À¢&ÆW72#¢%ãBãã"À¢'672#¢%ããsã"À¢'672ÖVÖ&VFFVB#¢%ããsã"À¢'7G–ÇW2#¢#ãÓãSBã‚"À¢'7Vv'72#¢%ãRãã"À¢'FW'6W"#¢%ãRãbã"À¢'G7‚#¢%ãBã‚ã"À¢'–ÖÂ#¢%ã"ãBã" ¢ÒÀ¢'VW$FWVæFVæ6–W4ÖWF#¢°¢$G—W2öæöFR#¢°¢&÷F–öæÂ#¢G'VP¢ÒÀ¢$f—FV§2öFWgFööÇ2#¢°¢&÷F–öæÂ#¢G'VP¢ÒÀ¢&W6'V–ÆB#¢°¢&÷F–öæÂ#¢G'VP¢ÒÀ¢&¦—F’#¢°¢&÷F–öæÂ#¢G'VP¢ÒÀ¢&ÆW72#¢°¢&÷F–öæÂ#¢G'VP¢ÒÀ¢'672#¢°¢&÷F–öæÂ#¢G'VP¢ÒÀ¢'672ÖVÖ&VFFVB#¢°¢&÷F–öæÂ#¢G'VP¢ÒÀ¢'7G–ÇW2#¢°¢&÷F–öæÂ#¢G'VP¢ÒÀ¢'7Vv'72#¢°¢&÷F–öæÂ#¢G'VP¢ÒÀ¢'FW'6W"#¢°¢&÷F–öæÂ#¢G'VP¢ÒÀ¢'G7‚#¢°¢&÷F–öæÂ#¢G'VP¢ÒÀ¢'–ÖÂ#¢°¢&÷F–öæÂ#¢G'VP¢Ð¢Ð¢ÒÀ¢&æöFUöÖöGVÆW2÷f—FR×ÇVv–â×v#¢°¢'fW'6–öâ#¢#ã2ã"À¢'&W6öÇfVB#¢&‡GG3¢ò÷&Vv—7G'’æçÖ§2æ÷&r÷f—FR×ÇVv–â×vòÒ÷f—FR×ÇVv–â×vÓã2ãçFw¢"À¢&–çFVw&—G’#¢'6†S"Ö3V´Ötâ´•G$÷D…‡…F³'Tô”VVe†¥÷Vä4w„õut'¥gcW¢öt†svbµc”Ró'S—fƒƒdÇ…w¤Uæ$Ó'#TÓÒ"À¢&FWb#¢G'VRÀ¢&Æ–6Vç6R#¢$Ô•B"À¢&FWVæFVæ6–W2#¢°¢&FV'Vr#¢%ãBã2ãb"À¢'&WGG’Ö'—FW2#¢%ãbãã"À¢'F–ç–vÆö&'’#¢%ãã"ã"À¢'v÷&¶&÷‚Ö'V–ÆB#¢%ãrãBã"À¢'v÷&¶&÷‚×v–æF÷r#¢%ãrãBã ¢ÒÀ¢&Væv–æW2#¢°¢&æöFR#¢#ãÓbãã ¢ÒÀ¢&gVæF–ær#¢°¢'W&Â#¢&‡GG3¢òöv—F‡V"æ6öÒ÷7öç6÷'2öçFgR ¢ÒÀ¢'VW$FWVæFVæ6–W2#¢°¢$f—FR×vö76WG2ÖvVæW&F÷"#¢%ããã"À¢'f—FR#¢%ã2ããÇÂãBããÇÂãRããÇÂãbããÇÂãrããÇÂã‚ãã"À¢'v÷&¶&÷‚Ö'V–ÆB#¢%ãrãBã"À¢'v÷&¶&÷‚×v–æF÷r#¢%ãrãBã ¢ÒÀ¢'VW$FWVæFVæ6–W4ÖWF#¢°¢$f—FR×vö76WG2ÖvVæW&F÷"#¢°¢&÷F–öæÂ#¢G'VP¢Ð¢Ð¢ÒÀ¢&æöFUöÖöGVÆW2÷f—FRöæöFUöÖöGVÆW2÷–6öÖF6‚#¢°¢'fW'6–öâ#¢#BããR"À¢'&W6öÇfVB#¢&‡GG3¢ò÷&Vv—7G'’æçÖ§2æ÷&r÷–6öÖF6‚òÒ÷–6öÖF6‚ÓBããRçFw¢"À¢&–çFVw&—G’#¢'6†S"Õ'gwv7'Tæ¤“æ5CW…&¶W•3”Æc†Æ4—Gc3D´B¶–bµdƒ–¶GT–e”&—vƒ##sG‡FVä•£’õ#”&ED&†tu6ƒÓÒ"À¢&FWb#¢G'VRÀ¢&Æ–6Vç6R#¢$Ô•B"À¢&Væv–æW2#¢°¢&æöFR#¢#ãÓ" ¢ÒÀ¢&gVæF–ær#¢°¢'W&Â#¢&‡GG3¢òöv—F‡V"æ6öÒ÷7öç6÷'2ö¦öç66†Æ–æ¶W'B ¢Ð¢ÒÀ¢&æöFUöÖöGVÆW2÷v†–6‚#¢°¢'fW'6–öâ#¢#"ãã""À¢'&W6öÇfVB#¢&‡GG3¢ò÷&Vv—7G'’æçÖ§2æ÷&r÷v†–6‚òÒ÷v†–6‚Ó"ãã"çFw¢"À¢&–çFVw&—G’#¢'6†S"Ô$Ä“5FÃEs5fÃsÃ7—5“cF’¶wu‡4t%•v¶·×Fæ%†w$ÔB·–£w&…s·TTG‡¤¦•„v¤UsVöv´äÔT´äÖ¦–$ÓÒ"À¢&FWb#¢G'VRÀ¢&Æ–6Vç6R#¢$•42"À¢&FWVæFVæ6–W2#¢°¢&—6W†R#¢%ã"ãã ¢ÒÀ¢&&–â#¢°¢&æöFR×v†–6‚#¢&&–âöæöFR×v†–6‚ ¢ÒÀ¢&Væv–æW2#¢°¢&æöFR#¢#ãÒ‚ ¢Ð¢ÒÀ¢&æöFUöÖöGVÆW2÷v†–6‚Ö&÷†VB×&–Ö—F—fR#¢°¢'fW'6–öâ#¢#ãã"À¢'&W6öÇfVB#¢&‡GG3¢ò÷&Vv—7G'’æçÖ§2æ÷&r÷v†–6‚Ö&÷†VB×&–Ö—F—fRòÒ÷v†–6‚Ö&÷†VB×&–Ö—F—fRÓããçFw¢"À¢&–çFVw&—G’#¢'6†S"ÕF%ƒ6Ö£†ãöD4$efÅ“„†·4„7s4Ãc¤—Tc†¤es†£43%–†Ôwg$„'¥E$ƒ"÷‡—Vç$£–s¥7–¤6§õw¤”ÓÒ"À¢&FWb#¢G'VRÀ¢&Æ–6Vç6R#¢$Ô•B"À¢&FWVæFVæ6–W2#¢°¢&—2Ö&–v–çB#¢%ããã"À¢&—2Ö&ööÆVâÖö&¦V7B#¢%ãã"ã"À¢&—2ÖçVÖ&W"Öö&¦V7B#¢%ããã"À¢&—2×7G&–ær#¢%ããã"À¢&—2×7–Ö&öÂ#¢%ããã ¢ÒÀ¢&Væv–æW2#¢°¢&æöFR#¢#ãÒãB ¢ÒÀ¢&gVæF–ær#¢°¢'W&Â#¢&‡GG3¢òöv—F‡V"æ6öÒ÷7öç6÷'2öÆ¦†&" ¢Ð¢ÒÀ¢&æöFUöÖöGVÆW2÷v†–6‚Ö'V–ÇF–â×G—R#¢°¢'fW'6–öâ#¢#ã"ã"À¢'&W6öÇfVB#¢&‡GG3¢ò÷&Vv—7G'’æçÖ§2æ÷&r÷v†–6‚Ö'V–ÇF–â×G—RòÒ÷v†–6‚Ö'V–ÇF–â×G—RÓã"ãçFw¢"À¢&–çFVw&—G’#¢'6†S"Óf”&7¦õ‚¶´Ev2µ”¤&æƒ5B´µ¥'„Òö•”å†–7³cbõfÓ#“6—R·”ô–Ö¶s¤†&£TÄäö4çcDTF•£†3D#GeÓÒ"À¢&FWb#¢G'VRÀ¢&Æ–6Vç6R#¢$Ô•B"À¢&FWVæFVæ6–W2#¢°¢&6ÆÂÖ&÷VæB#¢%ããã""À¢&gVæ7F–öâç&÷F÷G—RææÖR#¢%ãããb"À¢&†2×F÷7G&–æwFr#¢%ããã""À¢&—2Ö7–æ2ÖgVæ7F–öâ#¢%ã"ãã"À¢&—2ÖFFRÖö&¦V7B#¢%ããã"À¢&—2Öf–æÆ—¦F–öç&Vv—7G'’#¢%ããã"À¢&—2ÖvVæW&F÷"ÖgVæ7F–öâ#¢%ããã"À¢&—2×&VvW‚#¢%ãã"ã"À¢&—2×vV·&Vb#¢%ããã""À¢&—6'&’#¢%ã"ããR"À¢'v†–6‚Ö&÷†VB×&–Ö—F—fR#¢%ããã"À¢'v†–6‚Ö6öÆÆV7F–öâ#¢%ããã""À¢'v†–6‚×G—VBÖ'&’#¢%ãããb ¢ÒÀ¢&Væv–æW2#¢°¢&æöFR#¢#ãÒãB ¢ÒÀ¢&gVæF–ær#¢°¢'W&Â#¢&‡GG3¢òöv—F‡V"æ6öÒ÷7öç6÷'2öÆ¦†&" ¢Ð¢ÒÀ¢&æöFUöÖöGVÆW2÷v†–6‚Ö6öÆÆV7F–öâ#¢°¢'fW'6–öâ#¢#ãã""À¢'&W6öÇfVB#¢&‡GG3¢ò÷&Vv—7G'’æçÖ§2æ÷&r÷v†–6‚Ö6öÆÆV7F–öâòÒ÷v†–6‚Ö6öÆÆV7F–öâÓãã"çFw¢"À¢&–çFVw&—G’#¢'6†S"Ô³F¥g–¦ä&Fwf3ƒe“d&¶Å¤Tã“357u”÷T$f¶FÔ'S•¦f¶4&Ef'•FäFÖ§e¢ö¥%…'cTUµFäC33”v–—&æt7sÓÒ"À¢&FWb#¢G'VRÀ¢&Æ–6Vç6R#¢$Ô•B"À¢&FWVæFVæ6–W2#¢°¢&—2ÖÖ#¢%ã"ãã2"À¢&—2×6WB#¢%ã"ãã2"À¢&—2×vV¶Ö#¢%ã"ãã""À¢&—2×vV·6WB#¢%ã"ãã2 ¢ÒÀ¢&Væv–æW2#¢°¢&æöFR#¢#ãÒãB ¢ÒÀ¢&gVæF–ær#¢°¢'W&Â#¢&‡GG3¢òöv—F‡V"æ6öÒ÷7öç6÷'2öÆ¦†&" ¢Ð¢ÒÀ¢&æöFUöÖöGVÆW2÷v†–6‚×G—VBÖ'&’#¢°¢'fW'6–öâ#¢#ãã#""À¢'&W6öÇfVB#¢&‡GG3¢ò÷&Vv—7G'’æçÖ§2æ÷&r÷v†–6‚×G—VBÖ'&’òÒ÷v†–6‚×G—VBÖ'&’Óãã#"çFw¢"À¢&–çFVw&—G’#¢'6†S"ÖgdóDW…tÔg7–„s4•ö$×U“Ç†u–7†&3C”4æEtDDT4ô¤æu—g4õugv%¦2·c7'¥'G†ö¤$²´4ÔWcÆCT5—sÓÒ"À¢&FWb#¢G'VRÀ¢&Æ–6Vç6R#¢$Ô•B"À¢&FWVæFVæ6–W2#¢°¢&f–Æ&ÆR×G—VBÖ'&—2#¢%ãããr"À¢&6ÆÂÖ&–æB#¢%ããã’"À¢&6ÆÂÖ&÷VæB#¢%ãããB"À¢&f÷"ÖV6‚#¢%ãã2ãR"À¢&vWB×&÷Fò#¢%ããã"À¢&v÷B#¢%ãã"ã"À¢&†2×F÷7G&–æwFr#¢%ããã" ¢ÒÀ¢&Væv–æW2#¢°¢&æöFR#¢#ãÒãB ¢ÒÀ¢&gVæF–ær#¢°¢'W&Â#¢&‡GG3¢òöv—F‡V"æ6öÒ÷7öç6÷'2öÆ¦†&" ¢Ð¢ÒÀ¢&æöFUöÖöGVÆW2÷v÷&¶&÷‚Ö&6¶w&÷VæB×7–æ2#¢°¢'fW'6–öâ#¢#rãBã"À¢'&W6öÇfVB#¢&‡GG3¢ò÷&Vv—7G'’æçÖ§2æ÷&r÷v÷&¶&÷‚Ö&6¶w&÷VæB×7–æ2òÒ÷v÷&¶&÷‚Ö&6¶w&÷VæB×7–æ2ÓrãBãçFw¢"À¢&–çFVw&—G’#¢'6†S"Ô†…Ct´S‡DõtFÓ'u$ç6……VåUödÖÆ†Väc$D&EVäE÷V&†—§¥T—Fµ•FÔ#gFC£&6¥•“‡g¤V•ÄWW¦ãV„ãcfsÓÒ"À¢&FWb#¢G'VRÀ¢&Æ–6Vç6R#¢$Ô•B"À¢&FWVæFVæ6–W2#¢°¢&–F"#¢%ãrãã"À¢'v÷&¶&÷‚Ö6÷&R#¢#rãBã ¢Ð¢ÒÀ¢&æöFUöÖöGVÆW2÷v÷&¶&÷‚Ö&6¶w&÷VæB×7–æ2öæöFUöÖöGVÆW2ö–F"#¢°¢'fW'6–öâ#¢#rãã"À¢'&W6öÇfVB#¢&‡GG3¢ò÷&Vv—7G'’æçÖ§2æ÷&rö–F"òÒö–F"ÓrããçFw¢"À¢&–çFVw&—G’#¢'6†S"Öv6†W5t'§—dt…$ó•s‡G¥UtdG–6÷sVwv§dd¶g•c”dc3%“tcS•¤×vÕµC&Ô¤•tgƒC—¦–7”3GVVd„Óvóg„´•eÓÒ"À¢&FWb#¢G'VRÀ¢&Æ–6Vç6R#¢$•42 ¢ÒÀ¢&æöFUöÖöGVÆW2÷v÷&¶&÷‚Ö'&öF67B×WFFR#¢°¢'fW'6–öâ#¢#rãBã"À¢'&W6öÇfVB#¢&‡GG3¢ò÷&Vv—7G'’æçÖ§2æ÷&r÷v÷&¶&÷‚Ö'&öF67B×WFFRòÒ÷v÷&¶&÷‚Ö'&öF67B×WFFRÓrãBãçFw¢"À¢&–çFVw&—G’#¢'6†S"×TÆw6Ä´Çf%’·7V—$–Fä$55—&6t&†§ƒæ£FÃÆ¢ô¦Ö£Ô¤ó$4¤U&ä4¦¥CtegvÕ&Ucâ·§3s„³fwCVw#’ò´ÓÒ"À¢&FWb#¢G'VRÀ¢&Æ–6Vç6R#¢$Ô•B"À¢&FWVæFVæ6–W2#¢°¢'v÷&¶&÷‚Ö6÷&R#¢#rãBã ¢Ð¢ÒÀ¢&æöFUöÖöGVÆW2÷v÷&¶&÷‚Ö'V–ÆB#¢°¢'fW'6–öâ#¢#rãBã"À¢'&W6öÇfVB#¢&‡GG3¢ò÷&Vv—7G'’æçÖ§2æ÷&r÷v÷&¶&÷‚Ö'V–ÆBòÒ÷v÷&¶&÷‚Ö'V–ÆBÓrãBãçFw¢"À¢&–çFVw&—G’#¢'6†S"Õ4F‡„—dTFS”w’óWsE–ó¦‚ôÓC•£S7÷FW”S‡¤wE67„gd&47D•„gTÇF×G…%¤4Ö&c&6óEg”WS4´%WsÓÒ"À¢&FWb#¢G'VRÀ¢&Æ–6Vç6R#¢$Ô•B"À¢&FWVæFVæ6–W2#¢°¢$–FV6²ö&WGFW"Ö§bÖW'&÷'2#¢%ãã2ã"À¢$&&VÂö6÷&R#¢%ãrã#BãB"À¢$&&VÂ÷&W6WBÖVçb#¢%ãrãã"À¢$&&VÂ÷'VçF–ÖR#¢%ãrãã""À¢$&öÆÇW÷ÇVv–âÖ&&VÂ#¢%ãbãã"À¢$&öÆÇW÷ÇVv–âÖæöFR×&W6öÇfR#¢%ãbãã2"À¢$&öÆÇW÷ÇVv–â×&WÆ6R#¢%ãbãã2"À¢$&öÆÇW÷ÇVv–â×FW'6W"#¢%ããã"À¢$G&–6¶f–ÆÓC÷&öÆÇW×ÇVv–âÖöfbÖÖ–â×F‡&VB#¢%ã2ãã×&S"À¢&§b#¢%ã‚ãbã"À¢&6öÖÖöâ×Fw2#¢%ãã‚ã"À¢&WF#¢%ãBãRã"À¢&f7BÖ§6öâ×7F&ÆR×7G&–æv–g’#¢%ã"ãã"À¢&g2ÖW‡G&#¢%ã’ãã"À¢&vÆö"#¢%ããã"À¢'&WGG’Ö'—FW2#¢%ãRã2ã"À¢'&öÆÇW#¢%ãBãS2ã2"À¢'6÷W&6RÖÖ#¢%ãã‚ãÖ&WFã"À¢'7G&–æv–g’Öö&¦V7B#¢%ã2ã2ã"À¢'7G&—Ö6öÖÖVçG2#¢%ã"ãã"À¢'FV×’#¢%ããbã"À¢'WF‚#¢%ãã"ã"À¢'v÷&¶&÷‚Ö&6¶w&÷VæB×7–æ2#¢#rãBã"À¢'v÷&¶&÷‚Ö'&öF67B×WFFR#¢#rãBã"À¢'v÷&¶&÷‚Ö66†V&ÆR×&W7öç6R#¢#rãBã"À¢'v÷&¶&÷‚Ö6÷&R#¢#rãBã"À¢'v÷&¶&÷‚ÖW‡—&F–öâ#¢#rãBã"À¢'v÷&¶&÷‚ÖvöövÆRÖæÇ—F–72#¢#rãBã"À¢'v÷&¶&÷‚Öæf–vF–öâ×&VÆöB#¢#rãBã"À¢'v÷&¶&÷‚×&V66†–ær#¢#rãBã"À¢'v÷&¶&÷‚×&ævR×&WVW7G2#¢#rãBã"À¢'v÷&¶&÷‚×&V6—W2#¢#rãBã"À¢'v÷&¶&÷‚×&÷WF–ær#¢#rãBã"À¢'v÷&¶&÷‚×7G&FVv–W2#¢#rãBã"À¢'v÷&¶&÷‚×7G&V×2#¢#rãBã"À¢'v÷&¶&÷‚×7r#¢#rãBã"À¢'v÷&¶&÷‚×v–æF÷r#¢#rãBã ¢ÒÀ¢&Væv–æW2#¢°¢&æöFR#¢#ãÓ#ãã ¢Ð¢ÒÀ¢&æöFUöÖöGVÆW2÷v÷&¶&÷‚Ö'V–ÆBöæöFUöÖöGVÆW2÷&WGG’Ö'—FW2#¢°¢'fW'6–öâ#¢#Rãbã"À¢'&W6öÇfVB#¢&‡GG3¢ò÷&Vv—7G'’æçÖ§2æ÷&r÷&WGG’Ö'—FW2òÒ÷&WGG’Ö'—FW2ÓRãbãçFw¢"À¢&–çFVw&—G’#¢'6†S"Ôdgs3•F×$'d³†ÖótôÃ74G¢õg—FGD§#CBõT§Dƒt³–Æ#–¤Ç—D§”—…WwE¤‡v#$'F”F”5u7vó”¤Æ·¤fsÓÒ"À¢&FWb#¢G'VRÀ¢&Æ–6Vç6R#¢$Ô•B"À¢&Væv–æW2#¢°¢&æöFR#¢#ãÓb ¢ÒÀ¢&gVæF–ær#¢°¢'W&Â#¢&‡GG3¢òöv—F‡V"æ6öÒ÷7öç6÷'2÷6–æG&W6÷&‡W2 ¢Ð¢ÒÀ¢&æöFUöÖöGVÆW2÷v÷&¶&÷‚Ö66†V&ÆR×&W7öç6R#¢°¢'fW'6–öâ#¢#rãBã"À¢'&W6öÇfVB#¢&‡GG3¢ò÷&Vv—7G'’æçÖ§2æ÷&r÷v÷&¶&÷‚Ö66†V&ÆR×&W7öç6RòÒ÷v÷&¶&÷‚Ö66†V&ÆR×&W7öç6RÓrãBãçFw¢"À¢&–çFVw&—G’#¢'6†S"Ó‡†fô¦DF3$ö§&Æ&$Ã6tVT$ót¶4×u'tÅ'Ww…•‡SsW•†¥ÇWw&%„×$”u§Uu•‡%v³„F¤÷…¢÷V¤7’öô¥—sÓÒ"À¢&FWb#¢G'VRÀ¢&Æ–6Vç6R#¢$Ô•B"À¢&FWVæFVæ6–W2#¢°¢'v÷&¶&÷‚Ö6÷&R#¢#rãBã ¢Ð¢ÒÀ¢&æöFUöÖöGVÆW2÷v÷&¶&÷‚Ö6÷&R#¢°¢'fW'6–öâ#¢#rãBã"À¢'&W6öÇfVB#¢&‡GG3¢ò÷&Vv—7G'’æçÖ§2æ÷&r÷v÷&¶&÷‚Ö6÷&RòÒ÷v÷&¶&÷‚Ö6÷&RÓrãBãçFw¢"À¢&–çFVw&—G’#¢'6†S"ÔEB·gSCfV‚ó'e'54…E“E†Ö33%£'#•&ÅU‡#Gƒ3§U…%wt÷7e¦tvv7w†67V%ÅÖ%Då•¦§cCDÆ´$GECWEÓÒ"À¢&FWb#¢G'VRÀ¢&Æ–6Vç6R#¢$Ô•B ¢ÒÀ¢&æöFUöÖöGVÆW2÷v÷&¶&÷‚ÖW‡—&F–öâ#¢°¢'fW'6–öâ#¢#rãBã"À¢'&W6öÇfVB#¢&‡GG3¢ò÷&Vv—7G'’æçÖ§2æ÷&r÷v÷&¶&÷‚ÖW‡—&F–öâòÒ÷v÷&¶&÷‚ÖW‡—&F–öâÓrãBãçFw¢"À¢&–çFVw&—G’#¢'6†S"ÖÅ$µTcv"´ôv&U†µ³3dÔ…„ö6Cu‡†ctöc3sf3f„6f—d——'FEu£ƒ—7G#…¤Öôsudäfô‡Ç“D÷‚·%S3EvsÓÒ"À¢&FWb#¢G'VRÀ¢&Æ–6Vç6R#¢$Ô•B"À¢&FWVæFVæ6–W2#¢°¢&–F"#¢%ãrãã"À¢'v÷&¶&÷‚Ö6÷&R#¢#rãBã ¢Ð¢ÒÀ¢&æöFUöÖöGVÆW2÷v÷&¶&÷‚ÖW‡—&F–öâöæöFUöÖöGVÆW2ö–F"#¢°¢'fW'6–öâ#¢#rãã"À¢'&W6öÇfVB#¢&‡GG3¢ò÷&Vv—7G'’æçÖ§2æ÷&rö–F"òÒö–F"ÓrããçFw¢"À¢&–çFVw&—G’#¢'6†S"Öv6†W5t'§—dt…$ó•s‡G¥UtdG–6÷sVwv§dd¶g•c”dc3%“tcS•¤×vÕµC&Ô¤•tgƒC—¦–7”3GVVd„Óvóg„´•eÓÒ"À¢&FWb#¢G'VRÀ¢&Æ–6Vç6R#¢$•42 ¢ÒÀ¢&æöFUöÖöGVÆW2÷v÷&¶&÷‚ÖvöövÆRÖæÇ—F–72#¢°¢'fW'6–öâ#¢#rãBã"À¢'&W6öÇfVB#¢&‡GG3¢ò÷&Vv—7G'’æçÖ§2æ÷&r÷v÷&¶&÷‚ÖvöövÆRÖæÇ—F–72òÒ÷v÷&¶&÷‚ÖvöövÆRÖæÇ—F–72ÓrãBãçFw¢"À¢&–çFVw&—G’#¢'6†S"ÔÖ·3§tÄWB²µ¤´cg53÷6ƒ•'DÔ—6”Fu'²¶6öF”„t•†VTöv“F534tfEVÃ…cUW—V³„÷†vÃ4†Çug¤‡sÓÒ"À¢&FWb#¢G'VRÀ¢&Æ–6Vç6R#¢$Ô•B"À¢&FWVæFVæ6–W2#¢°¢'v÷&¶&÷‚Ö&6¶w&÷VæB×7–æ2#¢#rãBã"À¢'v÷&¶&÷‚Ö6÷&R#¢#rãBã"À¢'v÷&¶&÷‚×&÷WF–ær#¢#rãBã"À¢'v÷&¶&÷‚×7G&FVv–W2#¢#rãBã ¢Ð¢ÒÀ¢&æöFUöÖöGVÆW2÷v÷&¶&÷‚Öæf–vF–öâ×&VÆöB#¢°¢'fW'6–öâ#¢#rãBã"À¢'&W6öÇfVB#¢&‡GG3¢ò÷&Vv—7G'’æçÖ§2æ÷&r÷v÷&¶&÷‚Öæf–vF–öâ×&VÆöBòÒ÷v÷&¶&÷‚Öæf–vF–öâ×&VÆöBÓrãBãçFw¢"À¢&–çFVw&—G’#¢'6†S"Ô3Dµg6¥5”´¤ö‡#c3…#•†ôs'$Äc5•F³V×c3dÕ„ö§EwfÓ†‡tädDµUw5uWtÅ…„Öu”ÓVãvg7fæF†U…%ÓÒ"À¢&FWb#¢G'VRÀ¢&Æ–6Vç6R#¢$Ô•B"À¢&FWVæFVæ6–W2#¢°¢'v÷&¶&÷‚Ö6÷&R#¢#rãBã ¢Ð¢ÒÀ¢&æöFUöÖöGVÆW2÷v÷&¶&÷‚×&V66†–ær#¢°¢'fW'6–öâ#¢#rãBã"À¢'&W6öÇfVB#¢&‡GG3¢ò÷&Vv—7G'’æçÖ§2æ÷&r÷v÷&¶&÷‚×&V66†–æròÒ÷v÷&¶&÷‚×&V66†–ærÓrãBãçFw¢"À¢&–çFVw&—G’#¢'6†S"Ö6G"ó—'—wsw—¤Ww¦r÷“GVµW'$æ¥Ætâ´ôå'§’õgu‡v¶t‡w#¶·4t¤³‡cf–gtE„&#†F5tå¤ƒs¦ã5ÓÒ"À¢&FWb#¢G'VRÀ¢&Æ–6Vç6R#¢$Ô•B"À¢&FWVæFVæ6–W2#¢°¢'v÷&¶&÷‚Ö6÷&R#¢#rãBã"À¢'v÷&¶&÷‚×&÷WF–ær#¢#rãBã"À¢'v÷&¶&÷‚×7G&FVv–W2#¢#rãBã ¢Ð¢ÒÀ¢&æöFUöÖöGVÆW2÷v÷&¶&÷‚×&ævR×&WVW7G2#¢°¢'fW'6–öâ#¢#rãBã"À¢'&W6öÇfVB#¢&‡GG3¢ò÷&Vv—7G'’æçÖ§2æ÷&r÷v÷&¶&÷‚×&ævR×&WVW7G2òÒ÷v÷&¶&÷‚×&ævR×&WVW7G2ÓrãBãçFw¢"À¢&–çFVw&—G’#¢'6†S"Óv“&÷„TSƒ&t†D¤$4D§¤äöE%§T÷¤vfõW”§e6ÖW$å”u$ƒ„uõ¥UFg´ç–7w$C$ƒc…gGTc‡‡ceÓÒ"À¢&FWb#¢G'VRÀ¢&Æ–6Vç6R#¢$Ô•B"À¢&FWVæFVæ6–W2#¢°¢'v÷&¶&÷‚Ö6÷&R#¢#rãBã ¢Ð¢ÒÀ¢&æöFUöÖöGVÆW2÷v÷&¶&÷‚×&V6—W2#¢°¢'fW'6–öâ#¢#rãBã"À¢'&W6öÇfVB#¢&‡GG3¢ò÷&Vv—7G'’æçÖ§2æ÷&r÷v÷&¶&÷‚×&V6—W2òÒ÷v÷&¶&÷‚×&V6—W2ÓrãBãçFw¢"À¢&–çFVw&—G’#¢'6†S"Övæ%ffÕcBõGFÕÓGƒ”GU††6G7D§6W5„ÕfW§D÷%eBµ#b³dFT&¤uD5vdd5†Ò³DtT…TUdT%G–“R³FutvVösÓÒ"À¢&FWb#¢G'VRÀ¢&Æ–6Vç6R#¢$Ô•B"À¢&FWVæFVæ6–W2#¢°¢'v÷&¶&÷‚Ö66†V&ÆR×&W7öç6R#¢#rãBã"À¢'v÷&¶&÷‚Ö6÷&R#¢#rãBã"À¢'v÷&¶&÷‚ÖW‡—&F–öâ#¢#rãBã"À¢'v÷&¶&÷‚×&V66†–ær#¢#rãBã"À¢'v÷&¶&÷‚×&÷WF–ær#¢#rãBã"À¢'v÷&¶&÷‚×7G&FVv–W2#¢#rãBã ¢Ð¢ÒÀ¢&æöFUöÖöGVÆW2÷v÷&¶&÷‚×&÷WF–ær#¢°¢'fW'6–öâ#¢#rãBã"À¢'&W6öÇfVB#¢&‡GG3¢ò÷&Vv—7G'’æçÖ§2æ÷&r÷v÷&¶&÷‚×&÷WF–æròÒ÷v÷&¶&÷‚×&÷WF–ærÓrãBãçFw¢"À¢&–çFVw&—G’#¢'6†S"×—V$¤tW%¤÷W7V–DVæÃW—f…öwW'…öc„Sw3te#C3•&•u…Ut$•V¶ÕVôôÂô&5vVã6ƒ£ƒƒs&CS•—‡DÓÒ"À¢&FWb#¢G'VRÀ¢&Æ–6Vç6R#¢$Ô•B"À¢&FWVæFVæ6–W2#¢°¢'v÷&¶&÷‚Ö6÷&R#¢#rãBã ¢Ð¢ÒÀ¢&æöFUöÖöGVÆW2÷v÷&¶&÷‚×7G&FVv–W2#¢°¢'fW'6–öâ#¢#rãBã"À¢'&W6öÇfVB#¢&‡GG3¢ò÷&Vv—7G'’æçÖ§2æ÷&r÷v÷&¶&÷‚×7G&FVv–W2òÒ÷v÷&¶&÷‚×7G&FVv–W2ÓrãBãçFw¢"À¢&–çFVw&—G’#¢'6†S"Ôu§‡s”æ&ÔöVÆ£sccwU£&·³T$gôv$óEƒ§vƒVÇ3……„2´Æ†TÅ6…F•W§5De52´æÅWgE””õe‡eW&7õÓÒ"À¢&FWb#¢G'VRÀ¢&Æ–6Vç6R#¢$Ô•B"À¢&FWVæFVæ6–W2#¢°¢'v÷&¶&÷‚Ö6÷&R#¢#rãBã ¢Ð¢ÒÀ¢&æöFUöÖöGVÆW2÷v÷&¶&÷‚×7G&V×2#¢°¢'fW'6–öâ#¢#rãBã"À¢'&W6öÇfVB#¢&‡GG3¢ò÷&Vv—7G'’æçÖ§2æ÷&r÷v÷&¶&÷‚×7G&V×2òÒ÷v÷&¶&÷‚×7G&V×2ÓrãBãçFw¢"À¢&–çFVw&—G’#¢'6†S"Ô…uwG&µV$¦¶æC–¶wv74sD„õ—g3„†¤ÔG3&V$Ää–ÔFµdFvd„Se–&Â¶Ó…Sd·44Sgw”Å—V–uvÖä‡sÓÒ"À¢&FWb#¢G'VRÀ¢&Æ–6Vç6R#¢$Ô•B"À¢&FWVæFVæ6–W2#¢°¢'v÷&¶&÷‚Ö6÷&R#¢#rãBã"À¢'v÷&¶&÷‚×&÷WF–ær#¢#rãBã ¢Ð¢ÒÀ¢&æöFUöÖöGVÆW2÷v÷&¶&÷‚×7r#¢°¢'fW'6–öâ#¢#rãBã"À¢'&W6öÇfVB#¢&‡GG3¢ò÷&Vv—7G'’æçÖ§2æ÷&r÷v÷&¶&÷‚×7ròÒ÷v÷&¶&÷‚×7rÓrãBãçFw¢"À¢&–çFVw&—G’#¢'6†S"ÖfW£Vc$EVÄD¥uDe–´5u“ã†wG§FCƒC”ç7t6%df³Æ54ÓD…CT‡ƒFsF–“cS–VÓD“‡D…“#t¥¦‡w6ÇD•sÓÒ"À¢&FWb#¢G'VRÀ¢&Æ–6Vç6R#¢$Ô•B ¢ÒÀ¢&æöFUöÖöGVÆW2÷v÷&¶&÷‚×v–æF÷r#¢°¢'fW'6–öâ#¢#rãBã"À¢'&W6öÇfVB#¢&‡GG3¢ò÷&Vv—7G'’æçÖ§2æ÷&r÷v÷&¶&÷‚×v–æF÷ròÒ÷v÷&¶&÷‚×v–æF÷rÓrãBãçFw¢"À¢&–çFVw&—G’#¢'6†S"Öæ÷E¤Dƒ'S…e†—TCw†–dTf“e5$ÓE5U6CvWvS•G5gGVW…ƒ%¤Õ“7WgU¤w‡¥“U¤÷4t2÷dC4ó76ÔgD§CBôÓÒ"À¢&FWb#¢G'VRÀ¢&Æ–6Vç6R#¢$Ô•B"À¢&FWVæFVæ6–W2#¢°¢$G—W2÷G'W7FVB×G—W2#¢%ã"ãã""À¢'v÷&¶&÷‚Ö6÷&R#¢#rãBã ¢Ð¢ÒÀ¢&æöFUöÖöGVÆW2÷–ÆÆ—7B#¢°¢'fW'6–öâ#¢#2ãã"À¢'&W6öÇfVB#¢&‡GG3¢ò÷&Vv—7G'’æçÖ§2æ÷&r÷–ÆÆ—7BòÒ÷–ÆÆ—7BÓ2ããçFw¢"À¢&–çFVw&—G’#¢'6†S"ÖETuuƒS–Ôõ…U–äs&Wvæ53F“DcC5Gc4¦ôÒ·3%dDÕ3”ç4³„wDÔÇ$4…·4eCvƒ4³eDöõTæã'#u&õ‡ƒFsÓÒ"À¢&FWb#¢G'VRÀ¢&Æ–6Vç6R#¢$•42 ¢Ð¢Ð§Ð